
Microsoft Visual Studio Solution File, Format Version 12.00
# Visual Studio 2012
Project("{8BC9CEB8-8B4A-11D0-8D11-00A0C91BC942}") = "SmplUsb", "SmplUsb\SmplUsb.vcxproj", "{6E59870C-5CFD-40D8-A43F-26D21787DAAF}"
EndProject
Project("{8BC9CEB8-8B4A-11D0-8D11-00A0C91BC942}") = "SmplUsb Package", "SmplUsb Package\SmplUsb Package.vcxproj", "{159BDA1C-2AD5-4578-AEF4-6DD6B9659589}"
	ProjectSection(ProjectDependencies) = postProject
		{6E59870C-5CFD-40D8-A43F-26D21787DAAF} = {6E59870C-5CFD-40D8-A43F-26D21787DAAF}
	EndProjectSection
EndProject
Global
	GlobalSection(SolutionConfigurationPlatforms) = preSolution
		Vista Debug|Win32 = Vista Debug|Win32
		Vista Debug|x64 = Vista Debug|x64
		Vista Release|Win32 = Vista Release|Win32
		Vista Release|x64 = Vista Release|x64
		Win7 Debug|Win32 = Win7 Debug|Win32
		Win7 Debug|x64 = Win7 Debug|x64
		Win7 Release|Win32 = Win7 Release|Win32
		Win7 Release|x64 = Win7 Release|x64
		Win8 Debug|Win32 = Win8 Debug|Win32
		Win8 Debug|x64 = Win8 Debug|x64
		Win8 Release|Win32 = Win8 Release|Win32
		Win8 Release|x64 = Win8 Release|x64
	EndGlobalSection
	GlobalSection(ProjectConfigurationPlatforms) = postSolution
		{6E59870C-5CFD-40D8-A43F-26D21787DAAF}.Vista Debug|Win32.ActiveCfg = Vista Debug|Win32
		{6E59870C-5CFD-40D8-A43F-26D21787DAAF}.Vista Debug|Win32.Build.0 = Vista Debug|Win32
		{6E59870C-5CFD-40D8-A43F-26D21787DAAF}.Vista Debug|Win32.Deploy.0 = Vista Debug|Win32
		{6E59870C-5CFD-40D8-A43F-26D21787DAAF}.Vista Debug|x64.ActiveCfg = Vista Debug|x64
		{6E59870C-5CFD-40D8-A43F-26D21787DAAF}.Vista Debug|x64.Build.0 = Vista Debug|x64
		{6E59870C-5CFD-40D8-A43F-26D21787DAAF}.Vista Debug|x64.Deploy.0 = Vista Debug|x64
		{6E59870C-5CFD-40D8-A43F-26D21787DAAF}.Vista Release|Win32.ActiveCfg = Vista Release|Win32
		{6E59870C-5CFD-40D8-A43F-26D21787DAAF}.Vista Release|Win32.Build.0 = Vista Release|Win32
		{6E59870C-5CFD-40D8-A43F-26D21787DAAF}.Vista Release|Win32.Deploy.0 = Vista Release|Win32
		{6E59870C-5CFD-40D8-A43F-26D21787DAAF}.Vista Release|x64.ActiveCfg = Vista Release|x64
		{6E59870C-5CFD-40D8-A43F-26D21787DAAF}.Vista Release|x64.Build.0 = Vista Release|x64
		{6E59870C-5CFD-40D8-A43F-26D21787DAAF}.Vista Release|x64.Deploy.0 = Vista Release|x64
		{6E59870C-5CFD-40D8-A43F-26D21787DAAF}.Win7 Debug|Win32.ActiveCfg = Win7 Debug|Win32
		{6E59870C-5CFD-40D8-A43F-26D21787DAAF}.Win7 Debug|Win32.Build.0 = Win7 Debug|Win32
		{6E59870C-5CFD-40D8-A43F-26D21787DAAF}.Win7 Debug|Win32.Deploy.0 = Win7 Debug|Win32
		{6E59870C-5CFD-40D8-A43F-26D21787DAAF}.Win7 Debug|x64.ActiveCfg = Win7 Debug|x64
		{6E59870C-5CFD-40D8-A43F-26D21787DAAF}.Win7 Debug|x64.Build.0 = Win7 Debug|x64
		{6E59870C-5CFD-40D8-A43F-26D21787DAAF}.Win7 Debug|x64.Deploy.0 = Win7 Debug|x64
		{6E59870C-5CFD-40D8-A43F-26D21787DAAF}.Win7 Release|Win32.ActiveCfg = Win7 Release|Win32
		{6E59870C-5CFD-40D8-A43F-26D21787DAAF}.Win7 Release|Win32.Build.0 = Win7 Release|Win32
		{6E59870C-5CFD-40D8-A43F-26D21787DAAF}.Win7 Release|Win32.Deploy.0 = Win7 Release|Win32
		{6E59870C-5CFD-40D8-A43F-26D21787DAAF}.Win7 Release|x64.ActiveCfg = Win7 Release|x64
		{6E59870C-5CFD-40D8-A43F-26D21787DAAF}.Win7 Release|x64.Build.0 = Win7 Release|x64
		{6E59870C-5CFD-40D8-A43F-26D21787DAAF}.Win7 Release|x64.Deploy.0 = Win7 Release|x64
		{6E59870C-5CFD-40D8-A43F-26D21787DAAF}.Win8 Debug|Win32.ActiveCfg = Win8 Debug|Win32
		{6E59870C-5CFD-40D8-A43F-26D21787DAAF}.Win8 Debug|Win32.Build.0 = Win8 Debug|Win32
		{6E59870C-5CFD-40D8-A43F-26D21787DAAF}.Win8 Debug|Win32.Deploy.0 = Win8 Debug|Win32
		{6E59870C-5CFD-40D8-A43F-26D21787DAAF}.Win8 Debug|x64.ActiveCfg = Win8 Debug|x64
		{6E59870C-5CFD-40D8-A43F-26D21787DAAF}.Win8 Debug|x64.Build.0 = Win8 Debug|x64
		{6E59870C-5CFD-40D8-A43F-26D21787DAAF}.Win8 Debug|x64.Deploy.0 = Win8 Debug|x64
		{6E59870C-5CFD-40D8-A43F-26D21787DAAF}.Win8 Release|Win32.ActiveCfg = Win8 Release|Win32
		{6E59870C-5CFD-40D8-A43F-26D21787DAAF}.Win8 Release|Win32.Build.0 = Win8 Release|Win32
		{6E59870C-5CFD-40D8-A43F-26D21787DAAF}.Win8 Release|Win32.Deploy.0 = Win8 Release|Win32
		{6E59870C-5CFD-40D8-A43F-26D21787DAAF}.Win8 Release|x64.ActiveCfg = Win8 Release|x64
		{6E59870C-5CFD-40D8-A43F-26D21787DAAF}.Win8 Release|x64.Build.0 = Win8 Release|x64
		{6E59870C-5CFD-40D8-A43F-26D21787DAAF}.Win8 Release|x64.Deploy.0 = Win8 Release|x64
		{159BDA1C-2AD5-4578-AEF4-6DD6B9659589}.Vista Debug|Win32.ActiveCfg = Vista Debug|Win32
		{159BDA1C-2AD5-4578-AEF4-6DD6B9659589}.Vista Debug|Win32.Build.0 = Vista Debug|Win32
		{159BDA1C-2AD5-4578-AEF4-6DD6B9659589}.Vista Debug|Win32.Deploy.0 = Vista Debug|Win32
		{159BDA1C-2AD5-4578-AEF4-6DD6B9659589}.Vista Debug|x64.ActiveCfg = Vista Debug|x64
		{159BDA1C-2AD5-4578-AEF4-6DD6B9659589}.Vista Debug|x64.Build.0 = Vista Debug|x64
		{159BDA1C-2AD5-4578-AEF4-6DD6B9659589}.Vista Debug|x64.Deploy.0 = Vista Debug|x64
		{159BDA1C-2AD5-4578-AEF4-6DD6B9659589}.Vista Release|Win32.ActiveCfg = Vista Release|Win32
		{159BDA1C-2AD5-4578-AEF4-6DD6B9659589}.Vista Release|Win32.Build.0 = Vista Release|Win32
		{159BDA1C-2AD5-4578-AEF4-6DD6B9659589}.Vista Release|Win32.Deploy.0 = Vista Release|Win32
		{159BDA1C-2AD5-4578-AEF4-6DD6B9659589}.Vista Release|x64.ActiveCfg = Vista Release|x64
		{159BDA1C-2AD5-4578-AEF4-6DD6B9659589}.Vista Release|x64.Build.0 = Vista Release|x64
		{159BDA1C-2AD5-4578-AEF4-6DD6B9659589}.Vista Release|x64.Deploy.0 = Vista Release|x64
		{159BDA1C-2AD5-4578-AEF4-6DD6B9659589}.Win7 Debug|Win32.ActiveCfg = Win7 Debug|Win32
		{159BDA1C-2AD5-4578-AEF4-6DD6B9659589}.Win7 Debug|Win32.Build.0 = Win7 Debug|Win32
		{159BDA1C-2AD5-4578-AEF4-6DD6B9659589}.Win7 Debug|Win32.Deploy.0 = Win7 Debug|Win32
		{159BDA1C-2AD5-4578-AEF4-6DD6B9659589}.Win7 Debug|x64.ActiveCfg = Win7 Debug|x64
		{159BDA1C-2AD5-4578-AEF4-6DD6B9659589}.Win7 Debug|x64.Build.0 = Win7 Debug|x64
		{159BDA1C-2AD5-4578-AEF4-6DD6B9659589}.Win7 Debug|x64.Deploy.0 = Win7 Debug|x64
		{159BDA1C-2AD5-4578-AEF4-6DD6B9659589}.Win7 Release|Win32.ActiveCfg = Win7 Release|Win32
		{159BDA1C-2AD5-4578-AEF4-6DD6B9659589}.Win7 Release|Win32.Build.0 = Win7 Release|Win32
		{159BDA1C-2AD5-4578-AEF4-6DD6B9659589}.Win7 Release|Win32.Deploy.0 = Win7 Release|Win32
		{159BDA1C-2AD5-4578-AEF4-6DD6B9659589}.Win7 Release|x64.ActiveCfg = Win7 Release|x64
		{159BDA1C-2AD5-4578-AEF4-6DD6B9659589}.Win7 Release|x64.Build.0 = Win7 Release|x64
		{159BDA1C-2AD5-4578-AEF4-6DD6B9659589}.Win7 Release|x64.Deploy.0 = Win7 Release|x64
		{159BDA1C-2AD5-4578-AEF4-6DD6B9659589}.Win8 Debug|Win32.ActiveCfg = Win8 Debug|Win32
		{159BDA1C-2AD5-4578-AEF4-6DD6B9659589}.Win8 Debug|Win32.Build.0 = Win8 Debug|Win32
		{159BDA1C-2AD5-4578-AEF4-6DD6B9659589}.Win8 Debug|Win32.Deploy.0 = Win8 Debug|Win32
		{159BDA1C-2AD5-4578-AEF4-6DD6B9659589}.Win8 Debug|x64.ActiveCfg = Win8 Debug|x64
		{159BDA1C-2AD5-4578-AEF4-6DD6B9659589}.Win8 Debug|x64.Build.0 = Win8 Debug|x64
		{159BDA1C-2AD5-4578-AEF4-6DD6B9659589}.Win8 Debug|x64.Deploy.0 = Win8 Debug|x64
		{159BDA1C-2AD5-4578-AEF4-6DD6B9659589}.Win8 Release|Win32.ActiveCfg = Win8 Release|Win32
		{159BDA1C-2AD5-4578-AEF4-6DD6B9659589}.Win8 Release|Win32.Build.0 = Win8 Release|Win32
		{159BDA1C-2AD5-4578-AEF4-6DD6B9659589}.Win8 Release|Win32.Deploy.0 = Win8 Release|Win32
		{159BDA1C-2AD5-4578-AEF4-6DD6B9659589}.Win8 Release|x64.ActiveCfg = Win8 Release|x64
		{159BDA1C-2AD5-4578-AEF4-6DD6B9659589}.Win8 Release|x64.Build.0 = Win8 Release|x64
		{159BDA1C-2AD5-4578-AEF4-6DD6B9659589}.Win8 Release|x64.Deploy.0 = Win8 Release|x64
	EndGlobalSection
	GlobalSection(SolutionProperties) = preSolution
		HideSolutionNode = FALSE
	EndGlobalSection
EndGlobal
